
Microsoft Visual Studio Solution File, Format Version 12.00
# Visual Studio Version 16
VisualStudioVersion = 16.0.31005.135
MinimumVisualStudioVersion = 10.0.40219.1
Project("{FAE04EC0-301F-11D3-BF4B-00C04F79EFBC}") = "CPRG214.Assignment2.Domain", "CPRG214.Assignment2.Domain\CPRG214.Assignment2.Domain.csproj", "{615E12B5-C5F4-483B-9AD6-28CD19105464}"
EndProject
Project("{FAE04EC0-301F-11D3-BF4B-00C04F79EFBC}") = "CPRG214.Assignment2.Data", "CPRG214.Assignment2.Data\CPRG214.Assignment2.Data.csproj", "{7B936AD6-F799-4FF7-8E7A-6F83D50241FF}"
EndProject
Project("{FAE04EC0-301F-11D3-BF4B-00C04F79EFBC}") = "CPRG214.Assignment2.BLL", "CPRG214.Assignment2.BLL\CPRG214.Assignment2.BLL.csproj", "{3C328B0C-48B3-48D8-8E17-DB937EDA9752}"
EndProject
Project("{FAE04EC0-301F-11D3-BF4B-00C04F79EFBC}") = "CPRG214.Assignment2.AssetTracking", "CPRG214.Assignment2.AssetTracking\CPRG214.Assignment2.AssetTracking.csproj", "{F6BF9BF7-CCB5-4008-98E7-D58C9E155914}"
EndProject
Global
	GlobalSection(SolutionConfigurationPlatforms) = preSolution
		Debug|Any CPU = Debug|Any CPU
		Release|Any CPU = Release|Any CPU
	EndGlobalSection
	GlobalSection(ProjectConfigurationPlatforms) = postSolution
		{615E12B5-C5F4-483B-9AD6-28CD19105464}.Debug|Any CPU.ActiveCfg = Debug|Any CPU
		{615E12B5-C5F4-483B-9AD6-28CD19105464}.Debug|Any CPU.Build.0 = Debug|Any CPU
		{615E12B5-C5F4-483B-9AD6-28CD19105464}.Release|Any CPU.ActiveCfg = Release|Any CPU
		{615E12B5-C5F4-483B-9AD6-28CD19105464}.Release|Any CPU.Build.0 = Release|Any CPU
		{7B936AD6-F799-4FF7-8E7A-6F83D50241FF}.Debug|Any CPU.ActiveCfg = Debug|Any CPU
		{7B936AD6-F799-4FF7-8E7A-6F83D50241FF}.Debug|Any CPU.Build.0 = Debug|Any CPU
		{7B936AD6-F799-4FF7-8E7A-6F83D50241FF}.Release|Any CPU.ActiveCfg = Release|Any CPU
		{7B936AD6-F799-4FF7-8E7A-6F83D50241FF}.Release|Any CPU.Build.0 = Release|Any CPU
		{3C328B0C-48B3-48D8-8E17-DB937EDA9752}.Debug|Any CPU.ActiveCfg = Debug|Any CPU
		{3C328B0C-48B3-48D8-8E17-DB937EDA9752}.Debug|Any CPU.Build.0 = Debug|Any CPU
		{3C328B0C-48B3-48D8-8E17-DB937EDA9752}.Release|Any CPU.ActiveCfg = Release|Any CPU
		{3C328B0C-48B3-48D8-8E17-DB937EDA9752}.Release|Any CPU.Build.0 = Release|Any CPU
		{F6BF9BF7-CCB5-4008-98E7-D58C9E155914}.Debug|Any CPU.ActiveCfg = Debug|Any CPU
		{F6BF9BF7-CCB5-4008-98E7-D58C9E155914}.Debug|Any CPU.Build.0 = Debug|Any CPU
		{F6BF9BF7-CCB5-4008-98E7-D58C9E155914}.Release|Any CPU.ActiveCfg = Release|Any CPU
		{F6BF9BF7-CCB5-4008-98E7-D58C9E155914}.Release|Any CPU.Build.0 = Release|Any CPU
	EndGlobalSection
	GlobalSection(SolutionProperties) = preSolution
		HideSolutionNode = FALSE
	EndGlobalSection
	GlobalSection(ExtensibilityGlobals) = postSolution
		SolutionGuid = {952ED5D9-450C-483B-9DF0-78CB3D025854}
	EndGlobalSection
EndGlobal
